
Microsoft Visual Studio Solution File, Format Version 12.00
Project("{FAE04EC0-301F-11D3-BF4B-00C04F79EFBC}") = "JsonSerialization.Benchmark", "JsonSerialization.Benchmark\JsonSerialization.Benchmark.csproj", "{7AF60855-55E5-412E-B6DB-274BFD9A0102}"
EndProject
Project("{2150E333-8FDC-42A3-9474-1A3956D46DE8}") = "JsonSerialization", "JsonSerialization", "{964229CC-08C2-4AF9-B871-45F5C539377B}"
EndProject
Project("{FAE04EC0-301F-11D3-BF4B-00C04F79EFBC}") = "JsonSerialization.Web", "JsonSerialization.Web\JsonSerialization.Web.csproj", "{C314BFC3-CD1C-44C7-881B-EAF2D6ED3C12}"
EndProject
Project("{2150E333-8FDC-42A3-9474-1A3956D46DE8}") = "NewLanguageFeatures", "NewLanguageFeatures", "{CA54A77A-CEC4-481C-8459-2349659E03FD}"
EndProject
Project("{FAE04EC0-301F-11D3-BF4B-00C04F79EFBC}") = "F1-PrimaryConstructors", "F1-PrimaryConstructors\F1-PrimaryConstructors.csproj", "{4A5AD5B9-ECBE-4B8E-953F-8528B50039B4}"
EndProject
Project("{FAE04EC0-301F-11D3-BF4B-00C04F79EFBC}") = "F2-CollectionExpressions", "F2-CollectionExpressions\F2-CollectionExpressions.csproj", "{E7A10C3F-5C67-41A8-8684-3BF1272DEC40}"
EndProject
Project("{FAE04EC0-301F-11D3-BF4B-00C04F79EFBC}") = "F3-StaticAbstractInterfaceMethods", "F3-StaticAbstractInterfaceMethods\F3-StaticAbstractInterfaceMethods.csproj", "{864BE7D7-0920-4F65-BD9F-6A72D9F1C005}"
EndProject
Project("{FAE04EC0-301F-11D3-BF4B-00C04F79EFBC}") = "JsonSerialization.Common", "JsonSerialization.Common\JsonSerialization.Common.csproj", "{3BB2A68E-D7CE-4A0C-BDD3-A864F4303846}"
EndProject
Project("{2150E333-8FDC-42A3-9474-1A3956D46DE8}") = "MinimalApiAOT", "MinimalApiAOT", "{2FB9E345-B68E-4D97-B126-29AF26E67CBF}"
EndProject
Project("{FAE04EC0-301F-11D3-BF4B-00C04F79EFBC}") = "MinimalAOT", "MinimalAOT\MinimalAOT.csproj", "{776E795E-B6C5-4868-86EE-3ED0A184BF91}"
EndProject
Project("{2150E333-8FDC-42A3-9474-1A3956D46DE8}") = "Aspire", "Aspire", "{BB3415F9-11CB-40FD-B9D0-88EC532A7829}"
EndProject
Project("{FAE04EC0-301F-11D3-BF4B-00C04F79EFBC}") = "AspireApp.AppHost", "AspireApp\AspireApp.AppHost\AspireApp.AppHost.csproj", "{F3FF75E7-48E6-4A46-B366-CA3113F9B9AB}"
EndProject
Project("{FAE04EC0-301F-11D3-BF4B-00C04F79EFBC}") = "AspireApp.ServiceDefaults", "AspireApp\AspireApp.ServiceDefaults\AspireApp.ServiceDefaults.csproj", "{C1A3DF92-C7CE-4718-9ADA-449D67414EE3}"
EndProject
Project("{FAE04EC0-301F-11D3-BF4B-00C04F79EFBC}") = "AspireApp.ApiService", "AspireApp\AspireApp.ApiService\AspireApp.ApiService.csproj", "{76AFCC5E-5345-44C0-ADA7-846BBEC954E3}"
EndProject
Project("{FAE04EC0-301F-11D3-BF4B-00C04F79EFBC}") = "AspireApp.Web", "AspireApp\AspireApp.Web\AspireApp.Web.csproj", "{E0AC8DB2-AC11-4980-B237-539BE51D4C36}"
EndProject
Project("{FAE04EC0-301F-11D3-BF4B-00C04F79EFBC}") = "F4-FrozenCollections", "F4-FrozenCollections\F4-FrozenCollections.csproj", "{BF087187-D8A6-4D95-B158-95888CEDC6EF}"
EndProject
Global
	GlobalSection(SolutionConfigurationPlatforms) = preSolution
		Debug|Any CPU = Debug|Any CPU
		Release|Any CPU = Release|Any CPU
	EndGlobalSection
	GlobalSection(ProjectConfigurationPlatforms) = postSolution
		{7AF60855-55E5-412E-B6DB-274BFD9A0102}.Debug|Any CPU.ActiveCfg = Debug|Any CPU
		{7AF60855-55E5-412E-B6DB-274BFD9A0102}.Debug|Any CPU.Build.0 = Debug|Any CPU
		{7AF60855-55E5-412E-B6DB-274BFD9A0102}.Release|Any CPU.ActiveCfg = Release|Any CPU
		{7AF60855-55E5-412E-B6DB-274BFD9A0102}.Release|Any CPU.Build.0 = Release|Any CPU
		{C314BFC3-CD1C-44C7-881B-EAF2D6ED3C12}.Debug|Any CPU.ActiveCfg = Debug|Any CPU
		{C314BFC3-CD1C-44C7-881B-EAF2D6ED3C12}.Debug|Any CPU.Build.0 = Debug|Any CPU
		{C314BFC3-CD1C-44C7-881B-EAF2D6ED3C12}.Release|Any CPU.ActiveCfg = Release|Any CPU
		{C314BFC3-CD1C-44C7-881B-EAF2D6ED3C12}.Release|Any CPU.Build.0 = Release|Any CPU
		{4A5AD5B9-ECBE-4B8E-953F-8528B50039B4}.Debug|Any CPU.ActiveCfg = Debug|Any CPU
		{4A5AD5B9-ECBE-4B8E-953F-8528B50039B4}.Debug|Any CPU.Build.0 = Debug|Any CPU
		{4A5AD5B9-ECBE-4B8E-953F-8528B50039B4}.Release|Any CPU.ActiveCfg = Release|Any CPU
		{4A5AD5B9-ECBE-4B8E-953F-8528B50039B4}.Release|Any CPU.Build.0 = Release|Any CPU
		{E7A10C3F-5C67-41A8-8684-3BF1272DEC40}.Debug|Any CPU.ActiveCfg = Debug|Any CPU
		{E7A10C3F-5C67-41A8-8684-3BF1272DEC40}.Debug|Any CPU.Build.0 = Debug|Any CPU
		{E7A10C3F-5C67-41A8-8684-3BF1272DEC40}.Release|Any CPU.ActiveCfg = Release|Any CPU
		{E7A10C3F-5C67-41A8-8684-3BF1272DEC40}.Release|Any CPU.Build.0 = Release|Any CPU
		{864BE7D7-0920-4F65-BD9F-6A72D9F1C005}.Debug|Any CPU.ActiveCfg = Debug|Any CPU
		{864BE7D7-0920-4F65-BD9F-6A72D9F1C005}.Debug|Any CPU.Build.0 = Debug|Any CPU
		{864BE7D7-0920-4F65-BD9F-6A72D9F1C005}.Release|Any CPU.ActiveCfg = Release|Any CPU
		{864BE7D7-0920-4F65-BD9F-6A72D9F1C005}.Release|Any CPU.Build.0 = Release|Any CPU
		{3BB2A68E-D7CE-4A0C-BDD3-A864F4303846}.Debug|Any CPU.ActiveCfg = Debug|Any CPU
		{3BB2A68E-D7CE-4A0C-BDD3-A864F4303846}.Debug|Any CPU.Build.0 = Debug|Any CPU
		{3BB2A68E-D7CE-4A0C-BDD3-A864F4303846}.Release|Any CPU.ActiveCfg = Release|Any CPU
		{3BB2A68E-D7CE-4A0C-BDD3-A864F4303846}.Release|Any CPU.Build.0 = Release|Any CPU
		{776E795E-B6C5-4868-86EE-3ED0A184BF91}.Debug|Any CPU.ActiveCfg = Debug|Any CPU
		{776E795E-B6C5-4868-86EE-3ED0A184BF91}.Debug|Any CPU.Build.0 = Debug|Any CPU
		{776E795E-B6C5-4868-86EE-3ED0A184BF91}.Release|Any CPU.ActiveCfg = Release|Any CPU
		{776E795E-B6C5-4868-86EE-3ED0A184BF91}.Release|Any CPU.Build.0 = Release|Any CPU
		{F3FF75E7-48E6-4A46-B366-CA3113F9B9AB}.Debug|Any CPU.ActiveCfg = Debug|Any CPU
		{F3FF75E7-48E6-4A46-B366-CA3113F9B9AB}.Debug|Any CPU.Build.0 = Debug|Any CPU
		{F3FF75E7-48E6-4A46-B366-CA3113F9B9AB}.Release|Any CPU.ActiveCfg = Release|Any CPU
		{F3FF75E7-48E6-4A46-B366-CA3113F9B9AB}.Release|Any CPU.Build.0 = Release|Any CPU
		{C1A3DF92-C7CE-4718-9ADA-449D67414EE3}.Debug|Any CPU.ActiveCfg = Debug|Any CPU
		{C1A3DF92-C7CE-4718-9ADA-449D67414EE3}.Debug|Any CPU.Build.0 = Debug|Any CPU
		{C1A3DF92-C7CE-4718-9ADA-449D67414EE3}.Release|Any CPU.ActiveCfg = Release|Any CPU
		{C1A3DF92-C7CE-4718-9ADA-449D67414EE3}.Release|Any CPU.Build.0 = Release|Any CPU
		{76AFCC5E-5345-44C0-ADA7-846BBEC954E3}.Debug|Any CPU.ActiveCfg = Debug|Any CPU
		{76AFCC5E-5345-44C0-ADA7-846BBEC954E3}.Debug|Any CPU.Build.0 = Debug|Any CPU
		{76AFCC5E-5345-44C0-ADA7-846BBEC954E3}.Release|Any CPU.ActiveCfg = Release|Any CPU
		{76AFCC5E-5345-44C0-ADA7-846BBEC954E3}.Release|Any CPU.Build.0 = Release|Any CPU
		{E0AC8DB2-AC11-4980-B237-539BE51D4C36}.Debug|Any CPU.ActiveCfg = Debug|Any CPU
		{E0AC8DB2-AC11-4980-B237-539BE51D4C36}.Debug|Any CPU.Build.0 = Debug|Any CPU
		{E0AC8DB2-AC11-4980-B237-539BE51D4C36}.Release|Any CPU.ActiveCfg = Release|Any CPU
		{E0AC8DB2-AC11-4980-B237-539BE51D4C36}.Release|Any CPU.Build.0 = Release|Any CPU
		{BF087187-D8A6-4D95-B158-95888CEDC6EF}.Debug|Any CPU.ActiveCfg = Debug|Any CPU
		{BF087187-D8A6-4D95-B158-95888CEDC6EF}.Debug|Any CPU.Build.0 = Debug|Any CPU
		{BF087187-D8A6-4D95-B158-95888CEDC6EF}.Release|Any CPU.ActiveCfg = Release|Any CPU
		{BF087187-D8A6-4D95-B158-95888CEDC6EF}.Release|Any CPU.Build.0 = Release|Any CPU
	EndGlobalSection
	GlobalSection(NestedProjects) = preSolution
		{7AF60855-55E5-412E-B6DB-274BFD9A0102} = {964229CC-08C2-4AF9-B871-45F5C539377B}
		{C314BFC3-CD1C-44C7-881B-EAF2D6ED3C12} = {964229CC-08C2-4AF9-B871-45F5C539377B}
		{4A5AD5B9-ECBE-4B8E-953F-8528B50039B4} = {CA54A77A-CEC4-481C-8459-2349659E03FD}
		{E7A10C3F-5C67-41A8-8684-3BF1272DEC40} = {CA54A77A-CEC4-481C-8459-2349659E03FD}
		{864BE7D7-0920-4F65-BD9F-6A72D9F1C005} = {CA54A77A-CEC4-481C-8459-2349659E03FD}
		{3BB2A68E-D7CE-4A0C-BDD3-A864F4303846} = {964229CC-08C2-4AF9-B871-45F5C539377B}
		{776E795E-B6C5-4868-86EE-3ED0A184BF91} = {2FB9E345-B68E-4D97-B126-29AF26E67CBF}
		{F3FF75E7-48E6-4A46-B366-CA3113F9B9AB} = {BB3415F9-11CB-40FD-B9D0-88EC532A7829}
		{C1A3DF92-C7CE-4718-9ADA-449D67414EE3} = {BB3415F9-11CB-40FD-B9D0-88EC532A7829}
		{76AFCC5E-5345-44C0-ADA7-846BBEC954E3} = {BB3415F9-11CB-40FD-B9D0-88EC532A7829}
		{E0AC8DB2-AC11-4980-B237-539BE51D4C36} = {BB3415F9-11CB-40FD-B9D0-88EC532A7829}
		{BF087187-D8A6-4D95-B158-95888CEDC6EF} = {CA54A77A-CEC4-481C-8459-2349659E03FD}
	EndGlobalSection
EndGlobal
